
Microsoft Visual Studio Solution File, Format Version 12.00
# Visual Studio Version 17
VisualStudioVersion = 17.0.31903.59
MinimumVisualStudioVersion = 10.0.40219.1
Project("{2150E333-8FDC-42A3-9474-1A3956D46DE8}") = "src", "src", "{827E0CD3-B72D-47B6-A68D-7590B98EB39B}"
EndProject
Project("{FAE04EC0-301F-11D3-BF4B-00C04F79EFBC}") = "Dlo.Domain", "src\Dlo.Domain\Dlo.Domain.csproj", "{E4A5E86C-8C4F-4057-BC6B-E3ABD313A23B}"
EndProject
Project("{2150E333-8FDC-42A3-9474-1A3956D46DE8}") = "tests", "tests", "{0AB3BF05-4346-4AA6-1389-037BE0695223}"
EndProject
Project("{FAE04EC0-301F-11D3-BF4B-00C04F79EFBC}") = "Dlo.Domain.Tests", "tests\Dlo.Domain.Tests\Dlo.Domain.Tests.csproj", "{271FECD4-B908-4B3A-AD7A-6AC457139357}"
EndProject
Project("{FAE04EC0-301F-11D3-BF4B-00C04F79EFBC}") = "Dlo.Game.Tests", "tests\Dlo.Game.Tests\Dlo.Game.Tests.csproj", "{9DB2F585-57CD-43F6-8FF3-CF1F740DB3E2}"
EndProject
Project("{FAE04EC0-301F-11D3-BF4B-00C04F79EFBC}") = "Dlo.Net.Tests", "tests\Dlo.Net.Tests\Dlo.Net.Tests.csproj", "{E37810CB-BB77-4DE8-A87B-D70B092F24E2}"
EndProject
Project("{2150E333-8FDC-42A3-9474-1A3956D46DE8}") = "tools", "tools", "{07C2787E-EAC7-C090-1BA3-A61EC2A24D84}"
EndProject
Project("{FAE04EC0-301F-11D3-BF4B-00C04F79EFBC}") = "Dlo.ContentTool", "tools\Dlo.ContentTool\Dlo.ContentTool.csproj", "{B2C0407A-9524-48FD-B57C-E5165C3DBF16}"
EndProject
Project("{FAE04EC0-301F-11D3-BF4B-00C04F79EFBC}") = "Dlo.Game", "src\Dlo.Game\Dlo.Game.csproj", "{56196D6E-509F-4444-AAD9-082F699D5C75}"
EndProject
Global
	GlobalSection(SolutionConfigurationPlatforms) = preSolution
		Debug|Any CPU = Debug|Any CPU
		Debug|x64 = Debug|x64
		Debug|x86 = Debug|x86
		Release|Any CPU = Release|Any CPU
		Release|x64 = Release|x64
		Release|x86 = Release|x86
		ExportDebug|Any CPU = ExportDebug|Any CPU
		ExportRelease|Any CPU = ExportRelease|Any CPU
	EndGlobalSection
	GlobalSection(ProjectConfigurationPlatforms) = postSolution
		{E4A5E86C-8C4F-4057-BC6B-E3ABD313A23B}.Debug|Any CPU.ActiveCfg = Debug|Any CPU
		{E4A5E86C-8C4F-4057-BC6B-E3ABD313A23B}.Debug|Any CPU.Build.0 = Debug|Any CPU
		{E4A5E86C-8C4F-4057-BC6B-E3ABD313A23B}.Debug|x64.ActiveCfg = Debug|Any CPU
		{E4A5E86C-8C4F-4057-BC6B-E3ABD313A23B}.Debug|x64.Build.0 = Debug|Any CPU
		{E4A5E86C-8C4F-4057-BC6B-E3ABD313A23B}.Debug|x86.ActiveCfg = Debug|Any CPU
		{E4A5E86C-8C4F-4057-BC6B-E3ABD313A23B}.Debug|x86.Build.0 = Debug|Any CPU
		{E4A5E86C-8C4F-4057-BC6B-E3ABD313A23B}.Release|Any CPU.ActiveCfg = Release|Any CPU
		{E4A5E86C-8C4F-4057-BC6B-E3ABD313A23B}.Release|Any CPU.Build.0 = Release|Any CPU
		{E4A5E86C-8C4F-4057-BC6B-E3ABD313A23B}.Release|x64.ActiveCfg = Release|Any CPU
		{E4A5E86C-8C4F-4057-BC6B-E3ABD313A23B}.Release|x64.Build.0 = Release|Any CPU
		{E4A5E86C-8C4F-4057-BC6B-E3ABD313A23B}.Release|x86.ActiveCfg = Release|Any CPU
		{E4A5E86C-8C4F-4057-BC6B-E3ABD313A23B}.Release|x86.Build.0 = Release|Any CPU
		{E4A5E86C-8C4F-4057-BC6B-E3ABD313A23B}.ExportDebug|Any CPU.ActiveCfg = Debug|Any CPU
		{E4A5E86C-8C4F-4057-BC6B-E3ABD313A23B}.ExportDebug|Any CPU.Build.0 = Debug|Any CPU
		{E4A5E86C-8C4F-4057-BC6B-E3ABD313A23B}.ExportRelease|Any CPU.ActiveCfg = Release|Any CPU
		{E4A5E86C-8C4F-4057-BC6B-E3ABD313A23B}.ExportRelease|Any CPU.Build.0 = Release|Any CPU
		{271FECD4-B908-4B3A-AD7A-6AC457139357}.Debug|Any CPU.ActiveCfg = Debug|Any CPU
		{271FECD4-B908-4B3A-AD7A-6AC457139357}.Debug|Any CPU.Build.0 = Debug|Any CPU
		{271FECD4-B908-4B3A-AD7A-6AC457139357}.Debug|x64.ActiveCfg = Debug|Any CPU
		{271FECD4-B908-4B3A-AD7A-6AC457139357}.Debug|x64.Build.0 = Debug|Any CPU
		{271FECD4-B908-4B3A-AD7A-6AC457139357}.Debug|x86.ActiveCfg = Debug|Any CPU
		{271FECD4-B908-4B3A-AD7A-6AC457139357}.Debug|x86.Build.0 = Debug|Any CPU
		{271FECD4-B908-4B3A-AD7A-6AC457139357}.Release|Any CPU.ActiveCfg = Release|Any CPU
		{271FECD4-B908-4B3A-AD7A-6AC457139357}.Release|Any CPU.Build.0 = Release|Any CPU
		{271FECD4-B908-4B3A-AD7A-6AC457139357}.Release|x64.ActiveCfg = Release|Any CPU
		{271FECD4-B908-4B3A-AD7A-6AC457139357}.Release|x64.Build.0 = Release|Any CPU
		{271FECD4-B908-4B3A-AD7A-6AC457139357}.Release|x86.ActiveCfg = Release|Any CPU
		{271FECD4-B908-4B3A-AD7A-6AC457139357}.Release|x86.Build.0 = Release|Any CPU
		{271FECD4-B908-4B3A-AD7A-6AC457139357}.ExportDebug|Any CPU.ActiveCfg = Debug|Any CPU
		{271FECD4-B908-4B3A-AD7A-6AC457139357}.ExportRelease|Any CPU.ActiveCfg = Release|Any CPU
		{9DB2F585-57CD-43F6-8FF3-CF1F740DB3E2}.Debug|Any CPU.ActiveCfg = Debug|Any CPU
		{9DB2F585-57CD-43F6-8FF3-CF1F740DB3E2}.Debug|Any CPU.Build.0 = Debug|Any CPU
		{9DB2F585-57CD-43F6-8FF3-CF1F740DB3E2}.Debug|x64.ActiveCfg = Debug|Any CPU
		{9DB2F585-57CD-43F6-8FF3-CF1F740DB3E2}.Debug|x64.Build.0 = Debug|Any CPU
		{9DB2F585-57CD-43F6-8FF3-CF1F740DB3E2}.Debug|x86.ActiveCfg = Debug|Any CPU
		{9DB2F585-57CD-43F6-8FF3-CF1F740DB3E2}.Debug|x86.Build.0 = Debug|Any CPU
		{9DB2F585-57CD-43F6-8FF3-CF1F740DB3E2}.Release|Any CPU.ActiveCfg = Release|Any CPU
		{9DB2F585-57CD-43F6-8FF3-CF1F740DB3E2}.Release|Any CPU.Build.0 = Release|Any CPU
		{9DB2F585-57CD-43F6-8FF3-CF1F740DB3E2}.Release|x64.ActiveCfg = Release|Any CPU
		{9DB2F585-57CD-43F6-8FF3-CF1F740DB3E2}.Release|x64.Build.0 = Release|Any CPU
		{9DB2F585-57CD-43F6-8FF3-CF1F740DB3E2}.Release|x86.ActiveCfg = Release|Any CPU
		{9DB2F585-57CD-43F6-8FF3-CF1F740DB3E2}.Release|x86.Build.0 = Release|Any CPU
		{9DB2F585-57CD-43F6-8FF3-CF1F740DB3E2}.ExportDebug|Any CPU.ActiveCfg = Debug|Any CPU
		{9DB2F585-57CD-43F6-8FF3-CF1F740DB3E2}.ExportRelease|Any CPU.ActiveCfg = Release|Any CPU
		{E37810CB-BB77-4DE8-A87B-D70B092F24E2}.Debug|Any CPU.ActiveCfg = Debug|Any CPU
		{E37810CB-BB77-4DE8-A87B-D70B092F24E2}.Debug|Any CPU.Build.0 = Debug|Any CPU
		{E37810CB-BB77-4DE8-A87B-D70B092F24E2}.Debug|x64.ActiveCfg = Debug|Any CPU
		{E37810CB-BB77-4DE8-A87B-D70B092F24E2}.Debug|x64.Build.0 = Debug|Any CPU
		{E37810CB-BB77-4DE8-A87B-D70B092F24E2}.Debug|x86.ActiveCfg = Debug|Any CPU
		{E37810CB-BB77-4DE8-A87B-D70B092F24E2}.Debug|x86.Build.0 = Debug|Any CPU
		{E37810CB-BB77-4DE8-A87B-D70B092F24E2}.Release|Any CPU.ActiveCfg = Release|Any CPU
		{E37810CB-BB77-4DE8-A87B-D70B092F24E2}.Release|Any CPU.Build.0 = Release|Any CPU
		{E37810CB-BB77-4DE8-A87B-D70B092F24E2}.Release|x64.ActiveCfg = Release|Any CPU
		{E37810CB-BB77-4DE8-A87B-D70B092F24E2}.Release|x64.Build.0 = Release|Any CPU
		{E37810CB-BB77-4DE8-A87B-D70B092F24E2}.Release|x86.ActiveCfg = Release|Any CPU
		{E37810CB-BB77-4DE8-A87B-D70B092F24E2}.Release|x86.Build.0 = Release|Any CPU
		{E37810CB-BB77-4DE8-A87B-D70B092F24E2}.ExportDebug|Any CPU.ActiveCfg = Debug|Any CPU
		{E37810CB-BB77-4DE8-A87B-D70B092F24E2}.ExportRelease|Any CPU.ActiveCfg = Release|Any CPU
		{B2C0407A-9524-48FD-B57C-E5165C3DBF16}.Debug|Any CPU.ActiveCfg = Debug|Any CPU
		{B2C0407A-9524-48FD-B57C-E5165C3DBF16}.Debug|Any CPU.Build.0 = Debug|Any CPU
		{B2C0407A-9524-48FD-B57C-E5165C3DBF16}.Debug|x64.ActiveCfg = Debug|Any CPU
		{B2C0407A-9524-48FD-B57C-E5165C3DBF16}.Debug|x64.Build.0 = Debug|Any CPU
		{B2C0407A-9524-48FD-B57C-E5165C3DBF16}.Debug|x86.ActiveCfg = Debug|Any CPU
		{B2C0407A-9524-48FD-B57C-E5165C3DBF16}.Debug|x86.Build.0 = Debug|Any CPU
		{B2C0407A-9524-48FD-B57C-E5165C3DBF16}.Release|Any CPU.ActiveCfg = Release|Any CPU
		{B2C0407A-9524-48FD-B57C-E5165C3DBF16}.Release|Any CPU.Build.0 = Release|Any CPU
		{B2C0407A-9524-48FD-B57C-E5165C3DBF16}.Release|x64.ActiveCfg = Release|Any CPU
		{B2C0407A-9524-48FD-B57C-E5165C3DBF16}.Release|x64.Build.0 = Release|Any CPU
		{B2C0407A-9524-48FD-B57C-E5165C3DBF16}.Release|x86.ActiveCfg = Release|Any CPU
		{B2C0407A-9524-48FD-B57C-E5165C3DBF16}.Release|x86.Build.0 = Release|Any CPU
		{B2C0407A-9524-48FD-B57C-E5165C3DBF16}.ExportDebug|Any CPU.ActiveCfg = Debug|Any CPU
		{B2C0407A-9524-48FD-B57C-E5165C3DBF16}.ExportRelease|Any CPU.ActiveCfg = Release|Any CPU
		{56196D6E-509F-4444-AAD9-082F699D5C75}.Debug|Any CPU.ActiveCfg = Debug|Any CPU
		{56196D6E-509F-4444-AAD9-082F699D5C75}.Debug|Any CPU.Build.0 = Debug|Any CPU
		{56196D6E-509F-4444-AAD9-082F699D5C75}.Debug|x64.ActiveCfg = Debug|Any CPU
		{56196D6E-509F-4444-AAD9-082F699D5C75}.Debug|x64.Build.0 = Debug|Any CPU
		{56196D6E-509F-4444-AAD9-082F699D5C75}.Debug|x86.ActiveCfg = Debug|Any CPU
		{56196D6E-509F-4444-AAD9-082F699D5C75}.Debug|x86.Build.0 = Debug|Any CPU
		{56196D6E-509F-4444-AAD9-082F699D5C75}.Release|Any CPU.ActiveCfg = Debug|Any CPU
		{56196D6E-509F-4444-AAD9-082F699D5C75}.Release|Any CPU.Build.0 = Debug|Any CPU
		{56196D6E-509F-4444-AAD9-082F699D5C75}.Release|x64.ActiveCfg = Debug|Any CPU
		{56196D6E-509F-4444-AAD9-082F699D5C75}.Release|x64.Build.0 = Debug|Any CPU
		{56196D6E-509F-4444-AAD9-082F699D5C75}.Release|x86.ActiveCfg = Debug|Any CPU
		{56196D6E-509F-4444-AAD9-082F699D5C75}.Release|x86.Build.0 = Debug|Any CPU
		{56196D6E-509F-4444-AAD9-082F699D5C75}.ExportDebug|Any CPU.ActiveCfg = ExportDebug|Any CPU
		{56196D6E-509F-4444-AAD9-082F699D5C75}.ExportDebug|Any CPU.Build.0 = ExportDebug|Any CPU
		{56196D6E-509F-4444-AAD9-082F699D5C75}.ExportRelease|Any CPU.ActiveCfg = ExportRelease|Any CPU
		{56196D6E-509F-4444-AAD9-082F699D5C75}.ExportRelease|Any CPU.Build.0 = ExportRelease|Any CPU
	EndGlobalSection
	GlobalSection(SolutionProperties) = preSolution
		HideSolutionNode = FALSE
	EndGlobalSection
	GlobalSection(NestedProjects) = preSolution
		{E4A5E86C-8C4F-4057-BC6B-E3ABD313A23B} = {827E0CD3-B72D-47B6-A68D-7590B98EB39B}
		{271FECD4-B908-4B3A-AD7A-6AC457139357} = {0AB3BF05-4346-4AA6-1389-037BE0695223}
		{9DB2F585-57CD-43F6-8FF3-CF1F740DB3E2} = {0AB3BF05-4346-4AA6-1389-037BE0695223}
		{E37810CB-BB77-4DE8-A87B-D70B092F24E2} = {0AB3BF05-4346-4AA6-1389-037BE0695223}
		{B2C0407A-9524-48FD-B57C-E5165C3DBF16} = {07C2787E-EAC7-C090-1BA3-A61EC2A24D84}
		{56196D6E-509F-4444-AAD9-082F699D5C75} = {827E0CD3-B72D-47B6-A68D-7590B98EB39B}
	EndGlobalSection
EndGlobal
